<?xml version="1.0" encoding="utf-8"?>
<Project ToolsVersion="4.0" xmlns="http://schemas.microsoft.com/developer/msbuild/2003">
  <ItemGroup>
    <Filter Include="Source Files">
      <UniqueIdentifier>{34c0ec41-2487-4a73-8251-aff4980bd17a}</UniqueIdentifier>
      <Extensions>cpp;c;cxx;def;odl;idl;hpj;bat;asm</Extensions>
    </Filter>
    <Filter Include="Header Files">
      <UniqueIdentifier>{9d1600f9-dc83-4632-b6b5-4c1b64d9623b}</UniqueIdentifier>
      <Extensions>h;hpp;hxx;hm;inl;inc</Extensions>
    </Filter>
    <Filter Include="Resource Files">
      <UniqueIdentifier>{ee1a6369-4e86-4e65-9ee1-8715679ae392}</UniqueIdentifier>
      <Extensions>rc;ico;cur;bmp;dlg;rc2;rct;bin;rgs;jpg;jpeg;jpe;manifest</Extensions>
    </Filter>
  </ItemGroup>
  <ItemGroup>
    <ClCompile Include="stdafx.cpp">
      <Filter>Source Files</Filter>
    </ClCompile>
    <ClCompile Include="WTLfc.cpp">
      <Filter>Source Files</Filter>
    </ClCompile>
    <ClCompile Include="MainFrm.cpp">
      <Filter>Source Files</Filter>
    </ClCompile>
    <ClCompile Include="WTLfcView.cpp">
      <Filter>Source Files</Filter>
    </ClCompile>
    <ClCompile Include="AboutDlg.cpp">
      <Filter>Source Files</Filter>
    </ClCompile>
    <ClCompile Include="CardSize.cpp">
      <Filter>Source Files</Filter>
    </ClCompile>
    <ClCompile Include="WndSizeDlg.cpp">
      <Filter>Source Files</Filter>
    </ClCompile>
    <ClCompile Include="WTLfcData.cpp">
      <Filter>Source Files</Filter>
    </ClCompile>
    <ClCompile Include="DlgAICal.cpp">
      <Filter>Source Files</Filter>
    </ClCompile>
    <ClCompile Include="DlgPassed.cpp">
      <Filter>Source Files</Filter>
    </ClCompile>
    <ClCompile Include="DlgAIShow.cpp">
      <Filter>Source Files</Filter>
    </ClCompile>
    <ClCompile Include="DlgSelGame.cpp">
      <Filter>Source Files</Filter>
    </ClCompile>
    <ClCompile Include="DlgScore.cpp">
      <Filter>Source Files</Filter>
    </ClCompile>
    <ClCompile Include="DlgColorDialog.cpp">
      <Filter>Source Files</Filter>
    </ClCompile>
  </ItemGroup>
  <ItemGroup>
    <ClInclude Include="stdafx.h">
      <Filter>Header Files</Filter>
    </ClInclude>
    <ClInclude Include="MainFrm.h">
      <Filter>Header Files</Filter>
    </ClInclude>
    <ClInclude Include="WTLfcView.h">
      <Filter>Header Files</Filter>
    </ClInclude>
    <ClInclude Include="AboutDlg.h">
      <Filter>Header Files</Filter>
    </ClInclude>
    <ClInclude Include="resource.h">
      <Filter>Header Files</Filter>
    </ClInclude>
    <ClInclude Include="CardSize.h">
      <Filter>Header Files</Filter>
    </ClInclude>
    <ClInclude Include="Datatype.h">
      <Filter>Header Files</Filter>
    </ClInclude>
    <ClInclude Include="WndSizeDlg.h">
      <Filter>Header Files</Filter>
    </ClInclude>
    <ClInclude Include="WTLfc.h">
      <Filter>Header Files</Filter>
    </ClInclude>
    <ClInclude Include="WTLfcData.h">
      <Filter>Header Files</Filter>
    </ClInclude>
    <ClInclude Include="DlgAICal.h">
      <Filter>Header Files</Filter>
    </ClInclude>
    <ClInclude Include="DlgPassed.h">
      <Filter>Header Files</Filter>
    </ClInclude>
    <ClInclude Include="DlgAIShow.h">
      <Filter>Header Files</Filter>
    </ClInclude>
    <ClInclude Include="DlgSelGame.h">
      <Filter>Header Files</Filter>
    </ClInclude>
    <ClInclude Include="DlgScore.h">
      <Filter>Header Files</Filter>
    </ClInclude>
    <ClInclude Include="DlgColorDialog.h">
      <Filter>Header Files</Filter>
    </ClInclude>
  </ItemGroup>
  <ItemGroup>
    <ResourceCompile Include="WTLfc.rc">
      <Filter>Resource Files</Filter>
    </ResourceCompile>
  </ItemGroup>
  <ItemGroup>
    <Image Include="res\toolbar.bmp">
      <Filter>Resource Files</Filter>
    </Image>
    <Image Include="res\WTLfc.ico">
      <Filter>Resource Files</Filter>
    </Image>
    <Image Include="res\JL_SUB.bmp">
      <Filter>Resource Files</Filter>
    </Image>
  </ItemGroup>
  <ItemGroup>
    <None Include="res\cursor1.cur">
      <Filter>Resource Files</Filter>
    </None>
    <None Include="res\bin.bin">
      <Filter>Resource Files</Filter>
    </None>
  </ItemGroup>
</Project>